# THIS IS AN AUTOGENERATED FILE. DO NOT EDIT THIS FILE DIRECTLY.
# yarn lockfile v1


"@babel/runtime@^7.0.0", "@babel/runtime@^7.12.13":
  version "7.14.5"
  resolved "https://registry.yarnpkg.com/@babel/runtime/-/runtime-7.14.5.tgz#665450911c6031af38f81db530f387ec04cd9a98"
  integrity sha512-121rumjddw9c3NCQ55KGkyE1h/nzWhU/owjhw0l4mQrkzz4x9SGS1X8gFLraHwX7td3Yo4QTL+qj0NcIzN87BA==
  dependencies:
    regenerator-runtime "^0.13.4"

"@reach/dialog@^0.15.0":
  version "0.15.0"
  resolved "https://registry.yarnpkg.com/@reach/dialog/-/dialog-0.15.0.tgz#e1dd2d30ea060a65fc8810b9a7e16f1a5bc64d69"
  integrity sha512-ivZr4ukUcEr/tU1wYpHJt0XZF1kZunaZmNeQwIqaVrjpvwIVbWJtEmDvXDSuUYiNOxJ7L9iCt4nrN8sZhf78XA==
  dependencies:
    "@reach/portal" "0.15.0"
    "@reach/utils" "0.15.0"
    prop-types "^15.7.2"
    react-focus-lock "^2.5.0"
    react-remove-scroll "^2.4.1"
    tslib "^2.1.0"

"@reach/portal@0.15.0":
  version "0.15.0"
  resolved "https://registry.yarnpkg.com/@reach/portal/-/portal-0.15.0.tgz#b137582a1ecc4e04c60ce9a9c672dd2d23a2f1cc"
  integrity sha512-Aulqjk/PIRu+R7yhINYAAYfYh++ZdC30qwHDWDtGk2cmTEJT7m9AlvBX+W7T+Q3Ux6Wy5f37eV+TTGid1CcjFw==
  dependencies:
    "@reach/utils" "0.15.0"
    tslib "^2.1.0"

"@reach/utils@0.15.0":
  version "0.15.0"
  resolved "https://registry.yarnpkg.com/@reach/utils/-/utils-0.15.0.tgz#5b183d668f9bb900b2dec7a33c028a2a828d27b2"
  integrity sha512-JHHN7T5ucFiuQbqkgv8ECbRWKfRiJxrO/xHR3fHf+f2C7mVs/KkJHhYtovS1iEapR4silygX9PY0+QUmHPOTYw==
  dependencies:
    tiny-warning "^1.0.3"
    tslib "^2.1.0"

detect-node-es@^1.1.0:
  version "1.1.0"
  resolved "https://registry.yarnpkg.com/detect-node-es/-/detect-node-es-1.1.0.tgz#163acdf643330caa0b4cd7c21e7ee7755d6fa493"
  integrity sha512-ypdmJU/TbBby2Dxibuv7ZLW3Bs1QEmM7nHjEANfohJLvE0XVujisn1qPJcZxg+qDucsr+bP6fLD1rPS3AhJ7EQ==

focus-lock@^0.9.1:
  version "0.9.1"
  resolved "https://registry.yarnpkg.com/focus-lock/-/focus-lock-0.9.1.tgz#e8ec7d4821631112193ae09258107f531588da01"
  integrity sha512-/2Nj60Cps6yOLSO+CkVbeSKfwfns5XbX6HOedIK9PdzODP04N9c3xqOcPXayN0WsT9YjJvAnXmI0NdqNIDf5Kw==
  dependencies:
    tslib "^2.0.3"

get-nonce@^1.0.0:
  version "1.0.1"
  resolved "https://registry.yarnpkg.com/get-nonce/-/get-nonce-1.0.1.tgz#fdf3f0278073820d2ce9426c18f07481b1e0cdf3"
  integrity sha512-FJhYRoDaiatfEkUK8HKlicmu/3SGFD51q3itKDGoSTysQJBnfOcxU5GxnhE1E6soB76MbT0MBtnKJuXyAx+96Q==

invariant@^2.2.4:
  version "2.2.4"
  resolved "https://registry.yarnpkg.com/invariant/-/invariant-2.2.4.tgz#610f3c92c9359ce1db616e538008d23ff35158e6"
  integrity sha512-phJfQVBuaJM5raOpJjSfkiD6BpbCE4Ns//LaXl6wGYtUBY83nWS6Rf9tXm2e8VaK60JEjYldbPif/A2B1C2gNA==
  dependencies:
    loose-envify "^1.0.0"

"js-tokens@^3.0.0 || ^4.0.0":
  version "4.0.0"
  resolved "https://registry.yarnpkg.com/js-tokens/-/js-tokens-4.0.0.tgz#19203fb59991df98e3a287050d4647cdeaf32499"
  integrity sha512-RdJUflcE3cUzKiMqQgsCu06FPu9UdIJO0beYbPhHN4k6apgJtifcoCtT9bcxOpYBtpD2kCM6Sbzg4CausW/PKQ==

loose-envify@^1.0.0, loose-envify@^1.4.0:
  version "1.4.0"
  resolved "https://registry.yarnpkg.com/loose-envify/-/loose-envify-1.4.0.tgz#71ee51fa7be4caec1a63839f7e682d8132d30caf"
  integrity sha512-lyuxPGr/Wfhrlem2CL/UcnUc1zcqKAImBDzukY7Y5F/yQiNdko6+fRLevlw1HgMySw7f611UIY408EtxRSoK3Q==
  dependencies:
    js-tokens "^3.0.0 || ^4.0.0"

object-assign@^4.1.1:
  version "4.1.1"
  resolved "https://registry.yarnpkg.com/object-assign/-/object-assign-4.1.1.tgz#2109adc7965887cfc05cbbd442cac8bfbb360863"
  integrity sha1-IQmtx5ZYh8/AXLvUQsrIv7s2CGM=

prop-types@^15.6.2, prop-types@^15.7.2:
  version "15.7.2"
  resolved "https://registry.yarnpkg.com/prop-types/-/prop-types-15.7.2.tgz#52c41e75b8c87e72b9d9360e0206b99dcbffa6c5"
  integrity sha512-8QQikdH7//R2vurIJSutZ1smHYTcLpRWEOlHnzcWHmBYrOGUysKwSsrC89BCiFj3CbrfJ/nXFdJepOVrY1GCHQ==
  dependencies:
    loose-envify "^1.4.0"
    object-assign "^4.1.1"
    react-is "^16.8.1"

react-clientside-effect@^1.2.2:
  version "1.2.5"
  resolved "https://registry.yarnpkg.com/react-clientside-effect/-/react-clientside-effect-1.2.5.tgz#e2c4dc3c9ee109f642fac4f5b6e9bf5bcd2219a3"
  integrity sha512-2bL8qFW1TGBHozGGbVeyvnggRpMjibeZM2536AKNENLECutp2yfs44IL8Hmpn8qjFQ2K7A9PnYf3vc7aQq/cPA==
  dependencies:
    "@babel/runtime" "^7.12.13"

react-focus-lock@^2.5.0:
  version "2.5.1"
  resolved "https://registry.yarnpkg.com/react-focus-lock/-/react-focus-lock-2.5.1.tgz#e2060c5d7b02c62d79c4f103d0fc5a1288bc8f75"
  integrity sha512-gOToRZKVEymGEjFaTRUKgJsdYQrNosoiK7yZnXnnd8bYew4vMzk3Rxb0Q4nyrGwsFuUmgQiSAulQirA0J+v4hA==
  dependencies:
    "@babel/runtime" "^7.0.0"
    focus-lock "^0.9.1"
    prop-types "^15.6.2"
    react-clientside-effect "^1.2.2"
    use-callback-ref "^1.2.1"
    use-sidecar "^1.0.1"

react-is@^16.8.1:
  version "16.13.1"
  resolved "https://registry.yarnpkg.com/react-is/-/react-is-16.13.1.tgz#789729a4dc36de2999dc156dd6c1d9c18cea56a4"
  integrity sha512-24e6ynE2H+OKt4kqsOvNd8kBpV65zoxbA4BVsEOB3ARVWQki/DHzaUoC5KuON/BiccDaCCTZBuOcfZs70kR8bQ==

react-remove-scroll-bar@^2.1.0:
  version "2.2.0"
  resolved "https://registry.yarnpkg.com/react-remove-scroll-bar/-/react-remove-scroll-bar-2.2.0.tgz#d4d545a7df024f75d67e151499a6ab5ac97c8cdd"
  integrity sha512-UU9ZBP1wdMR8qoUs7owiVcpaPwsQxUDC2lypP6mmixaGlARZa7ZIBx1jcuObLdhMOvCsnZcvetOho0wzPa9PYg==
  dependencies:
    react-style-singleton "^2.1.0"
    tslib "^1.0.0"

react-remove-scroll@^2.4.1:
  version "2.4.2"
  resolved "https://registry.yarnpkg.com/react-remove-scroll/-/react-remove-scroll-2.4.2.tgz#5b7e3eb8c3389d3636234716d2feb618729fc4d9"
  integrity sha512-mMSIZYQF3jS2uRJXeFDRaVGA+BGs/hIryV64YUKsHFtpgwZloOUcdu0oW8K6OU8uLHt/kM5d0lUZbdpIVwgXtQ==
  dependencies:
    react-remove-scroll-bar "^2.1.0"
    react-style-singleton "^2.1.0"
    tslib "^1.0.0"
    use-callback-ref "^1.2.3"
    use-sidecar "^1.0.1"

react-style-singleton@^2.1.0:
  version "2.1.1"
  resolved "https://registry.yarnpkg.com/react-style-singleton/-/react-style-singleton-2.1.1.tgz#ce7f90b67618be2b6b94902a30aaea152ce52e66"
  integrity sha512-jNRp07Jza6CBqdRKNgGhT3u9umWvils1xsuMOjZlghBDH2MU0PL2WZor4PGYjXpnRCa9DQSlHMs/xnABWOwYbA==
  dependencies:
    get-nonce "^1.0.0"
    invariant "^2.2.4"
    tslib "^1.0.0"

regenerator-runtime@^0.13.4:
  version "0.13.7"
  resolved "https://registry.yarnpkg.com/regenerator-runtime/-/regenerator-runtime-0.13.7.tgz#cac2dacc8a1ea675feaabaeb8ae833898ae46f55"
  integrity sha512-a54FxoJDIr27pgf7IgeQGxmqUNYrcV338lf/6gH456HZ/PhX+5BcwHXG9ajESmwe6WRO0tAzRUrRmNONWgkrew==

tiny-warning@^1.0.3:
  version "1.0.3"
  resolved "https://registry.yarnpkg.com/tiny-warning/-/tiny-warning-1.0.3.tgz#94a30db453df4c643d0fd566060d60a875d84754"
  integrity sha512-lBN9zLN/oAf68o3zNXYrdCt1kP8WsiGW8Oo2ka41b2IM5JL/S1CTyX1rW0mb/zSuJun0ZUrDxx4sqvYS2FWzPA==

tslib@^1.0.0, tslib@^1.9.3:
  version "1.14.1"
  resolved "https://registry.yarnpkg.com/tslib/-/tslib-1.14.1.tgz#cf2d38bdc34a134bcaf1091c41f6619e2f672d00"
  integrity sha512-Xni35NKzjgMrwevysHTCArtLDpPvye8zV/0E4EyYn43P7/7qvQwPh9BGkHewbMulVntbigmcT7rdX3BNo9wRJg==

tslib@^2.0.3, tslib@^2.1.0:
  version "2.2.0"
  resolved "https://registry.yarnpkg.com/tslib/-/tslib-2.2.0.tgz#fb2c475977e35e241311ede2693cee1ec6698f5c"
  integrity sha512-gS9GVHRU+RGn5KQM2rllAlR3dU6m7AcpJKdtH8gFvQiC4Otgk98XnmMU+nZenHt/+VhnBPWwgrJsyrdcw6i23w==

use-callback-ref@^1.2.1, use-callback-ref@^1.2.3:
  version "1.2.5"
  resolved "https://registry.yarnpkg.com/use-callback-ref/-/use-callback-ref-1.2.5.tgz#6115ed242cfbaed5915499c0a9842ca2912f38a5"
  integrity sha512-gN3vgMISAgacF7sqsLPByqoePooY3n2emTH59Ur5d/M8eg4WTWu1xp8i8DHjohftIyEx0S08RiYxbffr4j8Peg==

use-sidecar@^1.0.1:
  version "1.0.5"
  resolved "https://registry.yarnpkg.com/use-sidecar/-/use-sidecar-1.0.5.tgz#ffff2a17c1df42e348624b699ba6e5c220527f2b"
  integrity sha512-k9jnrjYNwN6xYLj1iaGhonDghfvmeTmYjAiGvOr7clwKfPjMXJf4/HOr7oT5tJwYafgp2tG2l3eZEOfoELiMcA==
  dependencies:
    detect-node-es "^1.1.0"
    tslib "^1.9.3"
